{
  "requires": true,
  "lockfileVersion": 1,
  "dependencies": {
    "types-registry": {
      "version": "0.1.519",
      "resolved": "https://registry.npmjs.org/types-registry/-/types-registry-0.1.519.tgz",
      "integrity": "sha512-ANtV0YFtlRURSV0VyqDgpH1S/VBd6AHGDC2okEi6loO0QsvzQxIIL6AKgEsd62sz2lu2IWwkVFTBsQA7FOUF+w=="
    }
  }
}
